// !$*UTF8*$!
{
	archiveVersion = 1;
	classes = {
	};
	objectVersion = 48;
	objects = {

/* Begin PBXBuildFile section */
		BCCEFAE7DF61B807B30950C7 /* Pods_smarthome.framework in Frameworks */ = {isa = PBXBuildFile; fileRef = 8BBBD3D35F5BF8D3ACEFFBB1 /* Pods_smarthome.framework */; };
		ED683BD31F80176600799455 /* AppDelegate.swift in Sources */ = {isa = PBXBuildFile; fileRef = ED683BD21F80176600799455 /* AppDelegate.swift */; };
		ED683BD51F80176600799455 /* ViewController.swift in Sources */ = {isa = PBXBuildFile; fileRef = ED683BD41F80176600799455 /* ViewController.swift */; };
		ED683BD81F80176600799455 /* Main.storyboard in Resources */ = {isa = PBXBuildFile; fileRef = ED683BD61F80176600799455 /* Main.storyboard */; };
		ED683BDA1F80176600799455 /* Assets.xcassets in Resources */ = {isa = PBXBuildFile; fileRef = ED683BD91F80176600799455 /* Assets.xcassets */; };
		ED683BDD1F80176600799455 /* LaunchScreen.storyboard in Resources */ = {isa = PBXBuildFile; fileRef = ED683BDB1F80176600799455 /* LaunchScreen.storyboard */; };
/* End PBXBuildFile section */

/* Begin PBXFileReference section */
		8BBBD3D35F5BF8D3ACEFFBB1 /* Pods_smarthome.framework */ = {isa = PBXFileReference; explicitFileType = wrapper.framework; includeInIndex = 0; path = Pods_smarthome.framework; sourceTree = BUILT_PRODUCTS_DIR; };
		902631B72B291284995DEF75 /* Pods-smarthome.debug.xcconfig */ = {isa = PBXFileReference; includeInIndex = 1; lastKnownFileType = text.xcconfig; name = "Pods-smarthome.debug.xcconfig"; path = "Pods/Target Support Files/Pods-smarthome/Pods-smarthome.debug.xcconfig"; sourceTree = "<group>"; };
		95E2E000B5DB1C725684F627 /* Pods-smarthome.release.xcconfig */ = {isa = PBXFileReference; includeInIndex = 1; lastKnownFileType = text.xcconfig; name = "Pods-smarthome.release.xcconfig"; path = "Pods/Target Support Files/Pods-smarthome/Pods-smarthome.release.xcconfig"; sourceTree = "<group>"; };
		ED683BCF1F80176600799455 /* smarthome.app */ = {isa = PBXFileReference; explicitFileType = wrapper.application; includeInIndex = 0; path = smarthome.app; sourceTree = BUILT_PRODUCTS_DIR; };
		ED683BD21F80176600799455 /* AppDelegate.swift */ = {isa = PBXFileReference; lastKnownFileType = sourcecode.swift; path = AppDelegate.swift; sourceTree = "<group>"; };
		ED683BD41F80176600799455 /* ViewController.swift */ = {isa = PBXFileReference; lastKnownFileType = sourcecode.swift; path = ViewController.swift; sourceTree = "<group>"; };
		ED683BD71F80176600799455 /* Base */ = {isa = PBXFileReference; lastKnownFileType = file.storyboard; name = Base; path = Base.lproj/Main.storyboard; sourceTree = "<group>"; };
		ED683BD91F80176600799455 /* Assets.xcassets */ = {isa = PBXFileReference; lastKnownFileType = folder.assetcatalog; path = Assets.xcassets; sourceTree = "<group>"; };
		ED683BDC1F80176600799455 /* Base */ = {isa = PBXFileReference; lastKnownFileType = file.storyboard; name = Base; path = Base.lproj/LaunchScreen.storyboard; sourceTree = "<group>"; };
		ED683BDE1F80176600799455 /* Info.plist */ = {isa = PBXFileReference; lastKnownFileType = text.plist.xml; path = Info.plist; sourceTree = "<group>"; };
/* End PBXFileReference section */

/* Begin PBXFrameworksBuildPhase section */
		ED683BCC1F80176600799455 /* Frameworks */ = {
			isa = PBXFrameworksBuildPhase;
			buildActionMask = 2147483647;
			files = (
				BCCEFAE7DF61B807B30950C7 /* Pods_smarthome.framework in Frameworks */,
			);
			runOnlyForDeploymentPostprocessing = 0;
		};
/* End PBXFrameworksBuildPhase section */

/* Begin PBXGroup section */
		9C00585B6B00E609FE8DC1E1 /* Pods */ = {
			isa = PBXGroup;
			children = (
				902631B72B291284995DEF75 /* Pods-smarthome.debug.xcconfig */,
				95E2E000B5DB1C725684F627 /* Pods-smarthome.release.xcconfig */,
			);
			name = Pods;
			sourceTree = "<group>";
		};
		ED683BC61F80176600799455 = {
			isa = PBXGroup;
			children = (
				ED683BD11F80176600799455 /* smarthome */,
				ED683BD01F80176600799455 /* Products */,
				9C00585B6B00E609FE8DC1E1 /* Pods */,
				F2EE0DD796877632B86028C3 /* Frameworks */,
			);
			sourceTree = "<group>";
		};
		ED683BD01F80176600799455 /* Products */ = {
			isa = PBXGroup;
			children = (
				ED683BCF1F80176600799455 /* smarthome.app */,
			);
			name = Products;
			sourceTree = "<group>";
		};
		ED683BD11F80176600799455 /* smarthome */ = {
			isa = PBXGroup;
			children = (
				ED683BD21F80176600799455 /* AppDelegate.swift */,
				ED683BD41F80176600799455 /* ViewController.swift */,
				ED683BD61F80176600799455 /* Main.storyboard */,
				ED683BD91F80176600799455 /* Assets.xcassets */,
				ED683BDB1F80176600799455 /* LaunchScreen.storyboard */,
				ED683BDE1F80176600799455 /* Info.plist */,
			);
			path = smarthome;
			sourceTree = "<group>";
		};
		F2EE0DD796877632B86028C3 /* Frameworks */ = {
			isa = PBXGroup;
			children = (
				8BBBD3D35F5BF8D3ACEFFBB1 /* Pods_smarthome.framework */,
			);
			name = Frameworks;
			sourceTree = "<group>";
		};
/* End PBXGroup section */

/* Begin PBXNativeTarget section */
		ED683BCE1F80176600799455 /* smarthome */ = {
			isa = PBXNativeTarget;
			buildConfigurationList = ED683BE11F80176600799455 /* Build configuration list for PBXNativeTarget "smarthome" */;
			buildPhases = (
				AA5B77FB18D8A14990F3708C /* [CP] Check Pods Manifest.lock */,
				ED683BCB1F80176600799455 /* Sources */,
				ED683BCC1F80176600799455 /* Frameworks */,
				ED683BCD1F80176600799455 /* Resources */,
				47ABEA7EA69075DC36D3894E /* [CP] Embed Pods Frameworks */,
				CC6E6DFC7F6A9E0BEE2888CC /* [CP] Copy Pods Resources */,
			);
			buildRules = (
			);
			dependencies = (
			);
			name = smarthome;
			productName = smarthome;
			productReference = ED683BCF1F80176600799455 /* smarthome.app */;
			productType = "com.apple.product-type.application";
		};
/* End PBXNativeTarget section */

/* Begin PBXProject section */
		ED683BC71F80176600799455 /* Project object */ = {
			isa = PBXProject;
			attributes = {
				LastSwiftUpdateCheck = 0900;
				LastUpgradeCheck = 0900;
				ORGANIZATIONNAME = "Mobile Computing Lab";
				TargetAttributes = {
					ED683BCE1F80176600799455 = {
						CreatedOnToolsVersion = 9.0;
						ProvisioningStyle = Automatic;
					};
				};
			};
			buildConfigurationList = ED683BCA1F80176600799455 /* Build configuration list for PBXProject "smarthome" */;
			compatibilityVersion = "Xcode 8.0";
			developmentRegion = en;
			hasScannedForEncodings = 0;
			knownRegions = (
				en,
				Base,
			);
			mainGroup = ED683BC61F80176600799455;
			productRefGroup = ED683BD01F80176600799455 /* Products */;
			projectDirPath = "";
			projectRoot = "";
			targets = (
				ED683BCE1F80176600799455 /* smarthome */,
			);
		};
/* End PBXProject section */

/* Begin PBXResourcesBuildPhase section */
		ED683BCD1F80176600799455 /* Resources */ = {
			isa = PBXResourcesBuildPhase;
			buildActionMask = 2147483647;
			files = (
				ED683BDD1F80176600799455 /* LaunchScreen.storyboard in Resources */,
				ED683BDA1F80176600799455 /* Assets.xcassets in Resources */,
				ED683BD81F80176600799455 /* Main.storyboard in Resources */,
			);
			runOnlyForDeploymentPostprocessing = 0;
		};
/* End PBXResourcesBuildPhase section */

/* Begin PBXShellScriptBuildPhase section */
		47ABEA7EA69075DC36D3894E /* [CP] Embed Pods Frameworks */ = {
			isa = PBXShellScriptBuildPhase;
			buildActionMask = 2147483647;
			files = (
			);
			inputPaths = (
				"${SRCROOT}/Pods/Target Support Files/Pods-smarthome/Pods-smarthome-frameworks.sh",
				"${BUILT_PRODUCTS_DIR}/GTMSessionFetcher/GTMSessionFetcher.framework",
				"${BUILT_PRODUCTS_DIR}/GoogleToolboxForMac/GoogleToolboxForMac.framework",
				"${BUILT_PRODUCTS_DIR}/Protobuf/Protobuf.framework",
				"${BUILT_PRODUCTS_DIR}/leveldb-library/leveldb.framework",
				"${BUILT_PRODUCTS_DIR}/nanopb/nanopb.framework",
			);
			name = "[CP] Embed Pods Frameworks";
			outputPaths = (
				"${TARGET_BUILD_DIR}/${FRAMEWORKS_FOLDER_PATH}/GTMSessionFetcher.framework",
				"${TARGET_BUILD_DIR}/${FRAMEWORKS_FOLDER_PATH}/GoogleToolboxForMac.framework",
				"${TARGET_BUILD_DIR}/${FRAMEWORKS_FOLDER_PATH}/Protobuf.framework",
				"${TARGET_BUILD_DIR}/${FRAMEWORKS_FOLDER_PATH}/leveldb.framework",
				"${TARGET_BUILD_DIR}/${FRAMEWORKS_FOLDER_PATH}/nanopb.framework",
			);
			runOnlyForDeploymentPostprocessing = 0;
			shellPath = /bin/sh;
			shellScript = "\"${SRCROOT}/Pods/Target Support Files/Pods-smarthome/Pods-smarthome-frameworks.sh\"\n";
			showEnvVarsInLog = 0;
		};
		AA5B77FB18D8A14990F3708C /* [CP] Check Pods Manifest.lock */ = {
			isa = PBXShellScriptBuildPhase;
			buildActionMask = 2147483647;
			files = (
			);
			inputPaths = (
				"${PODS_PODFILE_DIR_PATH}/Podfile.lock",
				"${PODS_ROOT}/Manifest.lock",
			);
			name = "[CP] Check Pods Manifest.lock";
			outputPaths = (
				"$(DERIVED_FILE_DIR)/Pods-smarthome-checkManifestLockResult.txt",
			);
			runOnlyForDeploymentPostprocessing = 0;
			shellPath = /bin/sh;
			shellScript = "diff \"${PODS_PODFILE_DIR_PATH}/Podfile.lock\" \"${PODS_ROOT}/Manifest.lock\" > /dev/null\nif [ $? != 0 ] ; then\n    # print error to STDERR\n    echo \"error: The sandbox is not in sync with the Podfile.lock. Run 'pod install' or update your CocoaPods installation.\" >&2\n    exit 1\nfi\n# This output is used by Xcode 'outputs' to avoid re-running this script phase.\necho \"SUCCESS\" > \"${SCRIPT_OUTPUT_FILE_0}\"\n";
			showEnvVarsInLog = 0;
		};
		CC6E6DFC7F6A9E0BEE2888CC /* [CP] Copy Pods Resources */ = {
			isa = PBXShellScriptBuildPhase;
			buildActionMask = 2147483647;
			files = (
			);
			inputPaths = (
			);
			name = "[CP] Copy Pods Resources";
			outputPaths = (
			);
			runOnlyForDeploymentPostprocessing = 0;
			shellPath = /bin/sh;
			shellScript = "\"${SRCROOT}/Pods/Target Support Files/Pods-smarthome/Pods-smarthome-resources.sh\"\n";
			showEnvVarsInLog = 0;
		};
/* End PBXShellScriptBuildPhase section */

/* Begin PBXSourcesBuildPhase section */
		ED683BCB1F80176600799455 /* Sources */ = {
			isa = PBXSourcesBuildPhase;
			buildActionMask = 2147483647;
			files = (
				ED683BD51F80176600799455 /* ViewController.swift in Sources */,
				ED683BD31F80176600799455 /* AppDelegate.swift in Sources */,
			);
			runOnlyForDeploymentPostprocessing = 0;
		};
/* End PBXSourcesBuildPhase section */

/* Begin PBXVariantGroup section */
		ED683BD61F80176600799455 /* Main.storyboard */ = {
			isa = PBXVariantGroup;
			children = (
				ED683BD71F80176600799455 /* Base */,
			);
			name = Main.storyboard;
			sourceTree = "<group>";
		};
		ED683BDB1F80176600799455 /* LaunchScreen.storyboard */ = {
			isa = PBXVariantGroup;
			children = (
				ED683BDC1F80176600799455 /* Base */,
			);
			name = LaunchScreen.storyboard;
			sourceTree = "<group>";
		};
/* End PBXVariantGroup section */

/* Begin XCBuildConfiguration section */
		ED683BDF1F80176600799455 /* Debug */ = {
			isa = XCBuildConfiguration;
			buildSettings = {
				ALWAYS_SEARCH_USER_PATHS = NO;
				CLANG_ANALYZER_NONNULL = YES;
				CLANG_ANALYZER_NUMBER_OBJECT_CONVERSION = YES_AGGRESSIVE;
				CLANG_CXX_LANGUAGE_STANDARD = "gnu++14";
				CLANG_CXX_LIBRARY = "libc++";
				CLANG_ENABLE_MODULES = YES;
				CLANG_ENABLE_OBJC_ARC = YES;
				CLANG_WARN_BLOCK_CAPTURE_AUTORELEASING = YES;
				CLANG_WARN_BOOL_CONVERSION = YES;
				CLANG_WARN_COMMA = YES;
				CLANG_WARN_CONSTANT_CONVERSION = YES;
				CLANG_WARN_DIRECT_OBJC_ISA_USAGE = YES_ERROR;
				CLANG_WARN_DOCUMENTATION_COMMENTS = YES;
				CLANG_WARN_EMPTY_BODY = YES;
				CLANG_WARN_ENUM_CONVERSION = YES;
				CLANG_WARN_INFINITE_RECURSION = YES;
				CLANG_WARN_INT_CONVERSION = YES;
				CLANG_WARN_NON_LITERAL_NULL_CONVERSION = YES;
				CLANG_WARN_OBJC_LITERAL_CONVERSION = YES;
				CLANG_WARN_OBJC_ROOT_CLASS = YES_ERROR;
				CLANG_WARN_RANGE_LOOP_ANALYSIS = YES;
				CLANG_WARN_STRICT_PROTOTYPES = YES;
				CLANG_WARN_SUSPICIOUS_MOVE = YES;
				CLANG_WARN_UNGUARDED_AVAILABILITY = YES_AGGRESSIVE;
				CLANG_WARN_UNREACHABLE_CODE = YES;
				CLANG_WARN__DUPLICATE_METHOD_MATCH = YES;
				CODE_SIGN_IDENTITY = "iPhone Developer";
				COPY_PHASE_STRIP = NO;
				DEBUG_INFORMATION_FORMAT = dwarf;
				ENABLE_STRICT_OBJC_MSGSEND = YES;
				ENABLE_TESTABILITY = YES;
				GCC_C_LANGUAGE_STANDARD = gnu11;
				GCC_DYNAMIC_NO_PIC = NO;
				GCC_NO_COMMON_BLOCKS = YES;
				GCC_OPTIMIZATION_LEVEL = 0;
				GCC_PREPROCESSOR_DEFINITIONS = (
					"DEBUG=1",
					"$(inherited)",
				);
				GCC_WARN_64_TO_32_BIT_CONVERSION = YES;
				GCC_WARN_ABOUT_RETURN_TYPE = YES_ERROR;
				GCC_WARN_UNDECLARED_SELECTOR = YES;
				GCC_WARN_UNINITIALIZED_AUTOS = YES_AGGRESSIVE;
				GCC_WARN_UNUSED_FUNCTION = YES;
				GCC_WARN_UNUSED_VARIABLE = YES;
				IPHONEOS_DEPLOYMENT_TARGET = 11.0;
				MTL_ENABLE_DEBUG_INFO = YES;
				ONLY_ACTIVE_ARCH = YES;
				SDKROOT = iphoneos;
				SWIFT_ACTIVE_COMPILATION_CONDITIONS = DEBUG;
				SWIFT_OPTIMIZATION_LEVEL = "-Onone";
			};
			name = Debug;
		};
		ED683BE01F80176600799455 /* Release */ = {
			isa = XCBuildConfiguration;
			buildSettings = {
				ALWAYS_SEARCH_USER_PATHS = NO;
				CLANG_ANALYZER_NONNULL = YES;
				CLANG_ANALYZER_NUMBER_OBJECT_CONVERSION = YES_AGGRESSIVE;
				CLANG_CXX_LANGUAGE_STANDARD = "gnu++14";
				CLANG_CXX_LIBRARY = "libc++";
				CLANG_ENABLE_MODULES = YES;
				CLANG_ENABLE_OBJC_ARC = YES;
				CLANG_WARN_BLOCK_CAPTURE_AUTORELEASING = YES;
				CLANG_WARN_BOOL_CONVERSION = YES;
				CLANG_WARN_COMMA = YES;
				CLANG_WARN_CONSTANT_CONVERSION = YES;
				CLANG_WARN_DIRECT_OBJC_ISA_USAGE = YES_ERROR;
				CLANG_WARN_DOCUMENTATION_COMMENTS = YES;
				CLANG_WARN_EMPTY_BODY = YES;
				CLANG_WARN_ENUM_CONVERSION = YES;
				CLANG_WARN_INFINITE_RECURSION = YES;
				CLANG_WARN_INT_CONVERSION = YES;
				CLANG_WARN_NON_LITERAL_NULL_CONVERSION = YES;
				CLANG_WARN_OBJC_LITERAL_CONVERSION = YES;
				CLANG_WARN_OBJC_ROOT_CLASS = YES_ERROR;
				CLANG_WARN_RANGE_LOOP_ANALYSIS = YES;
				CLANG_WARN_STRICT_PROTOTYPES = YES;
				CLANG_WARN_SUSPICIOUS_MOVE = YES;
				CLANG_WARN_UNGUARDED_AVAILABILITY = YES_AGGRESSIVE;
				CLANG_WARN_UNREACHABLE_CODE = YES;
				CLANG_WARN__DUPLICATE_METHOD_MATCH = YES;
				CODE_SIGN_IDENTITY = "iPhone Developer";
				COPY_PHASE_STRIP = NO;
				DEBUG_INFORMATION_FORMAT = "dwarf-with-dsym";
				ENABLE_NS_ASSERTIONS = NO;
				ENABLE_STRICT_OBJC_MSGSEND = YES;
				GCC_C_LANGUAGE_STANDARD = gnu11;
				GCC_NO_COMMON_BLOCKS = YES;
				GCC_WARN_64_TO_32_BIT_CONVERSION = YES;
				GCC_WARN_ABOUT_RETURN_TYPE = YES_ERROR;
				GCC_WARN_UNDECLARED_SELECTOR = YES;
				GCC_WARN_UNINITIALIZED_AUTOS = YES_AGGRESSIVE;
				GCC_WARN_UNUSED_FUNCTION = YES;
				GCC_WARN_UNUSED_VARIABLE = YES;
				IPHONEOS_DEPLOYMENT_TARGET = 11.0;
				MTL_ENABLE_DEBUG_INFO = NO;
				SDKROOT = iphoneos;
				SWIFT_OPTIMIZATION_LEVEL = "-Owholemodule";
				VALIDATE_PRODUCT = YES;
			};
			name = Release;
		};
		ED683BE21F80176600799455 /* Debug */ = {
			isa = XCBuildConfiguration;
			baseConfigurationReference = 902631B72B291284995DEF75 /* Pods-smarthome.debug.xcconfig */;
			buildSettings = {
				ASSETCATALOG_COMPILER_APPICON_NAME = AppIcon;
				CODE_SIGN_STYLE = Automatic;
				INFOPLIST_FILE = smarthome/Info.plist;
				LD_RUNPATH_SEARCH_PATHS = "$(inherited) @executable_path/Frameworks";
				PRODUCT_BUNDLE_IDENTIFIER = com.mobcomlab.smarthome;
				PRODUCT_NAME = "$(TARGET_NAME)";
				SWIFT_VERSION = 4.0;
				TARGETED_DEVICE_FAMILY = "1,2";
			};
			name = Debug;
		};
		ED683BE31F80176600799455 /* Release */ = {
			isa = XCBuildConfiguration;
			baseConfigurationReference = 95E2E000B5DB1C725684F627 /* Pods-smarthome.release.xcconfig */;
			buildSettings = {
				ASSETCATALOG_COMPILER_APPICON_NAME = AppIcon;
				CODE_SIGN_STYLE = Automatic;
				INFOPLIST_FILE = smarthome/Info.plist;
				LD_RUNPATH_SEARCH_PATHS = "$(inherited) @executable_path/Frameworks";
				PRODUCT_BUNDLE_IDENTIFIER = com.mobcomlab.smarthome;
				PRODUCT_NAME = "$(TARGET_NAME)";
				SWIFT_VERSION = 4.0;
				TARGETED_DEVICE_FAMILY = "1,2";
			};
			name = Release;
		};
/* End XCBuildConfiguration section */

/* Begin XCConfigurationList section */
		ED683BCA1F80176600799455 /* Build configuration list for PBXProject "smarthome" */ = {
			isa = XCConfigurationList;
			buildConfigurations = (
				ED683BDF1F80176600799455 /* Debug */,
				ED683BE01F80176600799455 /* Release */,
			);
			defaultConfigurationIsVisible = 0;
			defaultConfigurationName = Release;
		};
		ED683BE11F80176600799455 /* Build configuration list for PBXNativeTarget "smarthome" */ = {
			isa = XCConfigurationList;
			buildConfigurations = (
				ED683BE21F80176600799455 /* Debug */,
				ED683BE31F80176600799455 /* Release */,
			);
			defaultConfigurationIsVisible = 0;
			defaultConfigurationName = Release;
		};
/* End XCConfigurationList section */
	};
	rootObject = ED683BC71F80176600799455 /* Project object */;
}
